# This file was autogenerated by Stack.
# You should not edit this file by hand.
# For more information, please see the documentation at:
#   https://docs.haskellstack.org/en/stable/lock_files

packages:
- completed:
    hackage: os-string-2.0.2@sha256:32fa47f8345a2c0662fb602fc42e4b674e41ec48079b68bdecb4b6f68032c24e,3259
    pantry-tree:
      sha256: 5b1dbaf1663005907462032997264b7942befb9fc108491c1fdd5e488ac0817e
      size: 2217
  original:
    hackage: os-string-2.0.2
- completed:
    commit: cf41ce07995597ba9c6c08658812ce2bd4abf313
    git: https://github.com/flipstone/orville
    name: orville-postgresql
    pantry-tree:
      sha256: a88b754afb11c5182668f425674054dc07da8dac2ed44a7d3a0964ee0e69d613
      size: 16722
    subdir: orville-postgresql
    version: 1.1.0.0
  original:
    commit: cf41ce07995597ba9c6c08658812ce2bd4abf313
    git: https://github.com/flipstone/orville
    subdir: orville-postgresql
snapshots:
- completed:
    sha256: 5a59b2a405b3aba3c00188453be172b85893cab8ebc352b1ef58b0eae5d248a2
    size: 650475
    url: https://raw.githubusercontent.com/commercialhaskell/stackage-snapshots/master/lts/20/26.yaml
  original:
    url: https://raw.githubusercontent.com/commercialhaskell/stackage-snapshots/master/lts/20/26.yaml
